// !$*UTF8*$!
{
	archiveVersion = 1;
	classes = {
	};
	objectVersion = 46;
	objects = {

/* Begin PBXBuildFile section */
		D003978D1DA500F20079569C /* AppDelegate.swift in Sources */ = {isa = PBXBuildFile; fileRef = D003978C1DA500F20079569C /* AppDelegate.swift */; };
		D003978F1DA500F20079569C /* ViewController.swift in Sources */ = {isa = PBXBuildFile; fileRef = D003978E1DA500F20079569C /* ViewController.swift */; };
		D00397921DA500F20079569C /* Main.storyboard in Resources */ = {isa = PBXBuildFile; fileRef = D00397901DA500F20079569C /* Main.storyboard */; };
		D00397941DA500F20079569C /* Assets.xcassets in Resources */ = {isa = PBXBuildFile; fileRef = D00397931DA500F20079569C /* Assets.xcassets */; };
		D00397971DA500F20079569C /* LaunchScreen.storyboard in Resources */ = {isa = PBXBuildFile; fileRef = D00397951DA500F20079569C /* LaunchScreen.storyboard */; };
		D00397A21DA500F20079569C /* FizzBuzzTests.swift in Sources */ = {isa = PBXBuildFile; fileRef = D00397A11DA500F20079569C /* FizzBuzzTests.swift */; };
		D00397AD1DA500F20079569C /* FizzBuzzUITests.swift in Sources */ = {isa = PBXBuildFile; fileRef = D00397AC1DA500F20079569C /* FizzBuzzUITests.swift */; };
		D0C43DF81DAA66F2000F086F /* BrainTests.swift in Sources */ = {isa = PBXBuildFile; fileRef = D0C43DF71DAA66F2000F086F /* BrainTests.swift */; };
		D0C43E011DAA66FF000F086F /* Brain.swift in Sources */ = {isa = PBXBuildFile; fileRef = D0C43E001DAA66FF000F086F /* Brain.swift */; };
/* End PBXBuildFile section */

/* Begin PBXContainerItemProxy section */
		D003979E1DA500F20079569C /* PBXContainerItemProxy */ = {
			isa = PBXContainerItemProxy;
			containerPortal = D00397811DA500F10079569C /* Project object */;
			proxyType = 1;
			remoteGlobalIDString = D00397881DA500F10079569C;
			remoteInfo = FizzBuzz;
		};
		D00397A91DA500F20079569C /* PBXContainerItemProxy */ = {
			isa = PBXContainerItemProxy;
			containerPortal = D00397811DA500F10079569C /* Project object */;
			proxyType = 1;
			remoteGlobalIDString = D00397881DA500F10079569C;
			remoteInfo = FizzBuzz;
		};
		D0C43DE61DAA6548000F086F /* PBXContainerItemProxy */ = {
			isa = PBXContainerItemProxy;
			containerPortal = D0C43DDB1DAA6548000F086F /* Alamofire.xcodeproj */;
			proxyType = 2;
			remoteGlobalIDString = F8111E3319A95C8B0040E7D1;
			remoteInfo = "Alamofire iOS";
		};
		D0C43DE81DAA6548000F086F /* PBXContainerItemProxy */ = {
			isa = PBXContainerItemProxy;
			containerPortal = D0C43DDB1DAA6548000F086F /* Alamofire.xcodeproj */;
			proxyType = 2;
			remoteGlobalIDString = F8111E3E19A95C8B0040E7D1;
			remoteInfo = "Alamofire iOS Tests";
		};
		D0C43DEA1DAA6548000F086F /* PBXContainerItemProxy */ = {
			isa = PBXContainerItemProxy;
			containerPortal = D0C43DDB1DAA6548000F086F /* Alamofire.xcodeproj */;
			proxyType = 2;
			remoteGlobalIDString = 4DD67C0B1A5C55C900ED2280;
			remoteInfo = "Alamofire macOS";
		};
		D0C43DEC1DAA6548000F086F /* PBXContainerItemProxy */ = {
			isa = PBXContainerItemProxy;
			containerPortal = D0C43DDB1DAA6548000F086F /* Alamofire.xcodeproj */;
			proxyType = 2;
			remoteGlobalIDString = F829C6B21A7A94F100A2CD59;
			remoteInfo = "Alamofire macOS Tests";
		};
		D0C43DEE1DAA6548000F086F /* PBXContainerItemProxy */ = {
			isa = PBXContainerItemProxy;
			containerPortal = D0C43DDB1DAA6548000F086F /* Alamofire.xcodeproj */;
			proxyType = 2;
			remoteGlobalIDString = 4CF626EF1BA7CB3E0011A099;
			remoteInfo = "Alamofire tvOS";
		};
		D0C43DF01DAA6548000F086F /* PBXContainerItemProxy */ = {
			isa = PBXContainerItemProxy;
			containerPortal = D0C43DDB1DAA6548000F086F /* Alamofire.xcodeproj */;
			proxyType = 2;
			remoteGlobalIDString = 4CF626F81BA7CB3E0011A099;
			remoteInfo = "Alamofire tvOS Tests";
		};
		D0C43DF21DAA6548000F086F /* PBXContainerItemProxy */ = {
			isa = PBXContainerItemProxy;
			containerPortal = D0C43DDB1DAA6548000F086F /* Alamofire.xcodeproj */;
			proxyType = 2;
			remoteGlobalIDString = E4202FE01B667AA100C997FB;
			remoteInfo = "Alamofire watchOS";
		};
		D0C43DF41DAA65AB000F086F /* PBXContainerItemProxy */ = {
			isa = PBXContainerItemProxy;
			containerPortal = D0C43DDB1DAA6548000F086F /* Alamofire.xcodeproj */;
			proxyType = 1;
			remoteGlobalIDString = F8111E3219A95C8B0040E7D1;
			remoteInfo = "Alamofire iOS";
		};
/* End PBXContainerItemProxy section */

/* Begin PBXFileReference section */
		D00397891DA500F10079569C /* FizzBuzz.app */ = {isa = PBXFileReference; explicitFileType = wrapper.application; includeInIndex = 0; path = FizzBuzz.app; sourceTree = BUILT_PRODUCTS_DIR; };
		D003978C1DA500F20079569C /* AppDelegate.swift */ = {isa = PBXFileReference; lastKnownFileType = sourcecode.swift; path = AppDelegate.swift; sourceTree = "<group>"; };
		D003978E1DA500F20079569C /* ViewController.swift */ = {isa = PBXFileReference; lastKnownFileType = sourcecode.swift; path = ViewController.swift; sourceTree = "<group>"; };
		D00397911DA500F20079569C /* Base */ = {isa = PBXFileReference; lastKnownFileType = file.storyboard; name = Base; path = Base.lproj/Main.storyboard; sourceTree = "<group>"; };
		D00397931DA500F20079569C /* Assets.xcassets */ = {isa = PBXFileReference; lastKnownFileType = folder.assetcatalog; path = Assets.xcassets; sourceTree = "<group>"; };
		D00397961DA500F20079569C /* Base */ = {isa = PBXFileReference; lastKnownFileType = file.storyboard; name = Base; path = Base.lproj/LaunchScreen.storyboard; sourceTree = "<group>"; };
		D00397981DA500F20079569C /* Info.plist */ = {isa = PBXFileReference; lastKnownFileType = text.plist.xml; path = Info.plist; sourceTree = "<group>"; };
		D003979D1DA500F20079569C /* FizzBuzzTests.xctest */ = {isa = PBXFileReference; explicitFileType = wrapper.cfbundle; includeInIndex = 0; path = FizzBuzzTests.xctest; sourceTree = BUILT_PRODUCTS_DIR; };
		D00397A11DA500F20079569C /* FizzBuzzTests.swift */ = {isa = PBXFileReference; lastKnownFileType = sourcecode.swift; path = FizzBuzzTests.swift; sourceTree = "<group>"; };
		D00397A31DA500F20079569C /* Info.plist */ = {isa = PBXFileReference; lastKnownFileType = text.plist.xml; path = Info.plist; sourceTree = "<group>"; };
		D00397A81DA500F20079569C /* FizzBuzzUITests.xctest */ = {isa = PBXFileReference; explicitFileType = wrapper.cfbundle; includeInIndex = 0; path = FizzBuzzUITests.xctest; sourceTree = BUILT_PRODUCTS_DIR; };
		D00397AC1DA500F20079569C /* FizzBuzzUITests.swift */ = {isa = PBXFileReference; lastKnownFileType = sourcecode.swift; path = FizzBuzzUITests.swift; sourceTree = "<group>"; };
		D00397AE1DA500F20079569C /* Info.plist */ = {isa = PBXFileReference; lastKnownFileType = text.plist.xml; path = Info.plist; sourceTree = "<group>"; };
		D0C43DDB1DAA6548000F086F /* Alamofire.xcodeproj */ = {isa = PBXFileReference; lastKnownFileType = "wrapper.pb-project"; name = Alamofire.xcodeproj; path = Alamofire/Alamofire.xcodeproj; sourceTree = "<group>"; };
		D0C43DF71DAA66F2000F086F /* BrainTests.swift */ = {isa = PBXFileReference; fileEncoding = 4; lastKnownFileType = sourcecode.swift; path = BrainTests.swift; sourceTree = "<group>"; };
		D0C43E001DAA66FF000F086F /* Brain.swift */ = {isa = PBXFileReference; fileEncoding = 4; lastKnownFileType = sourcecode.swift; path = Brain.swift; sourceTree = "<group>"; };
/* End PBXFileReference section */

/* Begin PBXFrameworksBuildPhase section */
		D00397861DA500F10079569C /* Frameworks */ = {
			isa = PBXFrameworksBuildPhase;
			buildActionMask = 2147483647;
			files = (
			);
			runOnlyForDeploymentPostprocessing = 0;
		};
		D003979A1DA500F20079569C /* Frameworks */ = {
			isa = PBXFrameworksBuildPhase;
			buildActionMask = 2147483647;
			files = (
			);
			runOnlyForDeploymentPostprocessing = 0;
		};
		D00397A51DA500F20079569C /* Frameworks */ = {
			isa = PBXFrameworksBuildPhase;
			buildActionMask = 2147483647;
			files = (
			);
			runOnlyForDeploymentPostprocessing = 0;
		};
/* End PBXFrameworksBuildPhase section */

/* Begin PBXGroup section */
		D00397801DA500F10079569C = {
			isa = PBXGroup;
			children = (
				D003978B1DA500F10079569C /* FizzBuzz */,
				D00397A01DA500F20079569C /* FizzBuzzTests */,
				D00397AB1DA500F20079569C /* FizzBuzzUITests */,
				D003978A1DA500F10079569C /* Products */,
				D0C43DDB1DAA6548000F086F /* Alamofire.xcodeproj */,
			);
			sourceTree = "<group>";
		};
		D003978A1DA500F10079569C /* Products */ = {
			isa = PBXGroup;
			children = (
				D00397891DA500F10079569C /* FizzBuzz.app */,
				D003979D1DA500F20079569C /* FizzBuzzTests.xctest */,
				D00397A81DA500F20079569C /* FizzBuzzUITests.xctest */,
			);
			name = Products;
			sourceTree = "<group>";
		};
		D003978B1DA500F10079569C /* FizzBuzz */ = {
			isa = PBXGroup;
			children = (
				D0C43E001DAA66FF000F086F /* Brain.swift */,
				D003978C1DA500F20079569C /* AppDelegate.swift */,
				D003978E1DA500F20079569C /* ViewController.swift */,
				D00397901DA500F20079569C /* Main.storyboard */,
				D00397931DA500F20079569C /* Assets.xcassets */,
				D00397951DA500F20079569C /* LaunchScreen.storyboard */,
				D00397981DA500F20079569C /* Info.plist */,
			);
			path = FizzBuzz;
			sourceTree = "<group>";
		};
		D00397A01DA500F20079569C /* FizzBuzzTests */ = {
			isa = PBXGroup;
			children = (
				D0C43DF71DAA66F2000F086F /* BrainTests.swift */,
				D00397A11DA500F20079569C /* FizzBuzzTests.swift */,
				D00397A31DA500F20079569C /* Info.plist */,
			);
			path = FizzBuzzTests;
			sourceTree = "<group>";
		};
		D00397AB1DA500F20079569C /* FizzBuzzUITests */ = {
			isa = PBXGroup;
			children = (
				D00397AC1DA500F20079569C /* FizzBuzzUITests.swift */,
				D00397AE1DA500F20079569C /* Info.plist */,
			);
			path = FizzBuzzUITests;
			sourceTree = "<group>";
		};
		D0C43DDC1DAA6548000F086F /* Products */ = {
			isa = PBXGroup;
			children = (
				D0C43DE71DAA6548000F086F /* Alamofire.framework */,
				D0C43DE91DAA6548000F086F /* Alamofire iOS Tests.xctest */,
				D0C43DEB1DAA6548000F086F /* Alamofire.framework */,
				D0C43DED1DAA6548000F086F /* Alamofire macOS Tests.xctest */,
				D0C43DEF1DAA6548000F086F /* Alamofire.framework */,
				D0C43DF11DAA6548000F086F /* Alamofire tvOS Tests.xctest */,
				D0C43DF31DAA6548000F086F /* Alamofire.framework */,
			);
			name = Products;
			sourceTree = "<group>";
		};
/* End PBXGroup section */

/* Begin PBXNativeTarget section */
		D00397881DA500F10079569C /* FizzBuzz */ = {
			isa = PBXNativeTarget;
			buildConfigurationList = D00397B11DA500F20079569C /* Build configuration list for PBXNativeTarget "FizzBuzz" */;
			buildPhases = (
				D00397851DA500F10079569C /* Sources */,
				D00397861DA500F10079569C /* Frameworks */,
				D00397871DA500F10079569C /* Resources */,
			);
			buildRules = (
			);
			dependencies = (
				D0C43DF51DAA65AB000F086F /* PBXTargetDependency */,
			);
			name = FizzBuzz;
			productName = FizzBuzz;
			productReference = D00397891DA500F10079569C /* FizzBuzz.app */;
			productType = "com.apple.product-type.application";
		};
		D003979C1DA500F20079569C /* FizzBuzzTests */ = {
			isa = PBXNativeTarget;
			buildConfigurationList = D00397B41DA500F20079569C /* Build configuration list for PBXNativeTarget "FizzBuzzTests" */;
			buildPhases = (
				D00397991DA500F20079569C /* Sources */,
				D003979A1DA500F20079569C /* Frameworks */,
				D003979B1DA500F20079569C /* Resources */,
			);
			buildRules = (
			);
			dependencies = (
				D003979F1DA500F20079569C /* PBXTargetDependency */,
			);
			name = FizzBuzzTests;
			productName = FizzBuzzTests;
			productReference = D003979D1DA500F20079569C /* FizzBuzzTests.xctest */;
			productType = "com.apple.product-type.bundle.unit-test";
		};
		D00397A71DA500F20079569C /* FizzBuzzUITests */ = {
			isa = PBXNativeTarget;
			buildConfigurationList = D00397B71DA500F20079569C /* Build configuration list for PBXNativeTarget "FizzBuzzUITests" */;
			buildPhases = (
				D00397A41DA500F20079569C /* Sources */,
				D00397A51DA500F20079569C /* Frameworks */,
				D00397A61DA500F20079569C /* Resources */,
			);
			buildRules = (
			);
			dependencies = (
				D00397AA1DA500F20079569C /* PBXTargetDependency */,
			);
			name = FizzBuzzUITests;
			productName = FizzBuzzUITests;
			productReference = D00397A81DA500F20079569C /* FizzBuzzUITests.xctest */;
			productType = "com.apple.product-type.bundle.ui-testing";
		};
/* End PBXNativeTarget section */

/* Begin PBXProject section */
		D00397811DA500F10079569C /* Project object */ = {
			isa = PBXProject;
			attributes = {
				LastSwiftUpdateCheck = 0800;
				LastUpgradeCheck = 0800;
				ORGANIZATIONNAME = simons;
				TargetAttributes = {
					D00397881DA500F10079569C = {
						CreatedOnToolsVersion = 8.0;
						ProvisioningStyle = Automatic;
					};
					D003979C1DA500F20079569C = {
						CreatedOnToolsVersion = 8.0;
						ProvisioningStyle = Automatic;
						TestTargetID = D00397881DA500F10079569C;
					};
					D00397A71DA500F20079569C = {
						CreatedOnToolsVersion = 8.0;
						ProvisioningStyle = Automatic;
						TestTargetID = D00397881DA500F10079569C;
					};
				};
			};
			buildConfigurationList = D00397841DA500F10079569C /* Build configuration list for PBXProject "FizzBuzz" */;
			compatibilityVersion = "Xcode 3.2";
			developmentRegion = English;
			hasScannedForEncodings = 0;
			knownRegions = (
				en,
				Base,
			);
			mainGroup = D00397801DA500F10079569C;
			productRefGroup = D003978A1DA500F10079569C /* Products */;
			projectDirPath = "";
			projectReferences = (
				{
					ProductGroup = D0C43DDC1DAA6548000F086F /* Products */;
					ProjectRef = D0C43DDB1DAA6548000F086F /* Alamofire.xcodeproj */;
				},
			);
			projectRoot = "";
			targets = (
				D00397881DA500F10079569C /* FizzBuzz */,
				D003979C1DA500F20079569C /* FizzBuzzTests */,
				D00397A71DA500F20079569C /* FizzBuzzUITests */,
			);
		};
/* End PBXProject section */

/* Begin PBXReferenceProxy section */
		D0C43DE71DAA6548000F086F /* Alamofire.framework */ = {
			isa = PBXReferenceProxy;
			fileType = wrapper.framework;
			path = Alamofire.framework;
			remoteRef = D0C43DE61DAA6548000F086F /* PBXContainerItemProxy */;
			sourceTree = BUILT_PRODUCTS_DIR;
		};
		D0C43DE91DAA6548000F086F /* Alamofire iOS Tests.xctest */ = {
			isa = PBXReferenceProxy;
			fileType = wrapper.cfbundle;
			path = "Alamofire iOS Tests.xctest";
			remoteRef = D0C43DE81DAA6548000F086F /* PBXContainerItemProxy */;
			sourceTree = BUILT_PRODUCTS_DIR;
		};
		D0C43DEB1DAA6548000F086F /* Alamofire.framework */ = {
			isa = PBXReferenceProxy;
			fileType = wrapper.framework;
			path = Alamofire.framework;
			remoteRef = D0C43DEA1DAA6548000F086F /* PBXContainerItemProxy */;
			sourceTree = BUILT_PRODUCTS_DIR;
		};
		D0C43DED1DAA6548000F086F /* Alamofire macOS Tests.xctest */ = {
			isa = PBXReferenceProxy;
			fileType = wrapper.cfbundle;
			path = "Alamofire macOS Tests.xctest";
			remoteRef = D0C43DEC1DAA6548000F086F /* PBXContainerItemProxy */;
			sourceTree = BUILT_PRODUCTS_DIR;
		};
		D0C43DEF1DAA6548000F086F /* Alamofire.framework */ = {
			isa = PBXReferenceProxy;
			fileType = wrapper.framework;
			path = Alamofire.framework;
			remoteRef = D0C43DEE1DAA6548000F086F /* PBXContainerItemProxy */;
			sourceTree = BUILT_PRODUCTS_DIR;
		};
		D0C43DF11DAA6548000F086F /* Alamofire tvOS Tests.xctest */ = {
			isa = PBXReferenceProxy;
			fileType = wrapper.cfbundle;
			path = "Alamofire tvOS Tests.xctest";
			remoteRef = D0C43DF01DAA6548000F086F /* PBXContainerItemProxy */;
			sourceTree = BUILT_PRODUCTS_DIR;
		};
		D0C43DF31DAA6548000F086F /* Alamofire.framework */ = {
			isa = PBXReferenceProxy;
			fileType = wrapper.framework;
			path = Alamofire.framework;
			remoteRef = D0C43DF21DAA6548000F086F /* PBXContainerItemProxy */;
			sourceTree = BUILT_PRODUCTS_DIR;
		};
/* End PBXReferenceProxy section */

/* Begin PBXResourcesBuildPhase section */
		D00397871DA500F10079569C /* Resources */ = {
			isa = PBXResourcesBuildPhase;
			buildActionMask = 2147483647;
			files = (
				D00397971DA500F20079569C /* LaunchScreen.storyboard in Resources */,
				D00397941DA500F20079569C /* Assets.xcassets in Resources */,
				D00397921DA500F20079569C /* Main.storyboard in Resources */,
			);
			runOnlyForDeploymentPostprocessing = 0;
		};
		D003979B1DA500F20079569C /* Resources */ = {
			isa = PBXResourcesBuildPhase;
			buildActionMask = 2147483647;
			files = (
			);
			runOnlyForDeploymentPostprocessing = 0;
		};
		D00397A61DA500F20079569C /* Resources */ = {
			isa = PBXResourcesBuildPhase;
			buildActionMask = 2147483647;
			files = (
			);
			runOnlyForDeploymentPostprocessing = 0;
		};
/* End PBXResourcesBuildPhase section */

/* Begin PBXSourcesBuildPhase section */
		D00397851DA500F10079569C /* Sources */ = {
			isa = PBXSourcesBuildPhase;
			buildActionMask = 2147483647;
			files = (
				D003978F1DA500F20079569C /* ViewController.swift in Sources */,
				D0C43E011DAA66FF000F086F /* Brain.swift in Sources */,
				D003978D1DA500F20079569C /* AppDelegate.swift in Sources */,
			);
			runOnlyForDeploymentPostprocessing = 0;
		};
		D00397991DA500F20079569C /* Sources */ = {
			isa = PBXSourcesBuildPhase;
			buildActionMask = 2147483647;
			files = (
				D0C43DF81DAA66F2000F086F /* BrainTests.swift in Sources */,
				D00397A21DA500F20079569C /* FizzBuzzTests.swift in Sources */,
			);
			runOnlyForDeploymentPostprocessing = 0;
		};
		D00397A41DA500F20079569C /* Sources */ = {
			isa = PBXSourcesBuildPhase;
			buildActionMask = 2147483647;
			files = (
				D00397AD1DA500F20079569C /* FizzBuzzUITests.swift in Sources */,
			);
			runOnlyForDeploymentPostprocessing = 0;
		};
/* End PBXSourcesBuildPhase section */

/* Begin PBXTargetDependency section */
		D003979F1DA500F20079569C /* PBXTargetDependency */ = {
			isa = PBXTargetDependency;
			target = D00397881DA500F10079569C /* FizzBuzz */;
			targetProxy = D003979E1DA500F20079569C /* PBXContainerItemProxy */;
		};
		D00397AA1DA500F20079569C /* PBXTargetDependency */ = {
			isa = PBXTargetDependency;
			target = D00397881DA500F10079569C /* FizzBuzz */;
			targetProxy = D00397A91DA500F20079569C /* PBXContainerItemProxy */;
		};
		D0C43DF51DAA65AB000F086F /* PBXTargetDependency */ = {
			isa = PBXTargetDependency;
			name = "Alamofire iOS";
			targetProxy = D0C43DF41DAA65AB000F086F /* PBXContainerItemProxy */;
		};
/* End PBXTargetDependency section */

/* Begin PBXVariantGroup section */
		D00397901DA500F20079569C /* Main.storyboard */ = {
			isa = PBXVariantGroup;
			children = (
				D00397911DA500F20079569C /* Base */,
			);
			name = Main.storyboard;
			sourceTree = "<group>";
		};
		D00397951DA500F20079569C /* LaunchScreen.storyboard */ = {
			isa = PBXVariantGroup;
			children = (
				D00397961DA500F20079569C /* Base */,
			);
			name = LaunchScreen.storyboard;
			sourceTree = "<group>";
		};
/* End PBXVariantGroup section */

/* Begin XCBuildConfiguration section */
		D00397AF1DA500F20079569C /* Debug */ = {
			isa = XCBuildConfiguration;
			buildSettings = {
				ALWAYS_SEARCH_USER_PATHS = NO;
				CLANG_ANALYZER_NONNULL = YES;
				CLANG_CXX_LANGUAGE_STANDARD = "gnu++0x";
				CLANG_CXX_LIBRARY = "libc++";
				CLANG_ENABLE_MODULES = YES;
				CLANG_ENABLE_OBJC_ARC = YES;
				CLANG_WARN_BOOL_CONVERSION = YES;
				CLANG_WARN_CONSTANT_CONVERSION = YES;
				CLANG_WARN_DIRECT_OBJC_ISA_USAGE = YES_ERROR;
				CLANG_WARN_DOCUMENTATION_COMMENTS = YES;
				CLANG_WARN_EMPTY_BODY = YES;
				CLANG_WARN_ENUM_CONVERSION = YES;
				CLANG_WARN_INFINITE_RECURSION = YES;
				CLANG_WARN_INT_CONVERSION = YES;
				CLANG_WARN_OBJC_ROOT_CLASS = YES_ERROR;
				CLANG_WARN_SUSPICIOUS_MOVES = YES;
				CLANG_WARN_UNREACHABLE_CODE = YES;
				CLANG_WARN__DUPLICATE_METHOD_MATCH = YES;
				"CODE_SIGN_IDENTITY[sdk=iphoneos*]" = "iPhone Developer";
				COPY_PHASE_STRIP = NO;
				DEBUG_INFORMATION_FORMAT = dwarf;
				ENABLE_STRICT_OBJC_MSGSEND = YES;
				ENABLE_TESTABILITY = YES;
				GCC_C_LANGUAGE_STANDARD = gnu99;
				GCC_DYNAMIC_NO_PIC = NO;
				GCC_NO_COMMON_BLOCKS = YES;
				GCC_OPTIMIZATION_LEVEL = 0;
				GCC_PREPROCESSOR_DEFINITIONS = (
					"DEBUG=1",
					"$(inherited)",
				);
				GCC_WARN_64_TO_32_BIT_CONVERSION = YES;
				GCC_WARN_ABOUT_RETURN_TYPE = YES_ERROR;
				GCC_WARN_UNDECLARED_SELECTOR = YES;
				GCC_WARN_UNINITIALIZED_AUTOS = YES_AGGRESSIVE;
				GCC_WARN_UNUSED_FUNCTION = YES;
				GCC_WARN_UNUSED_VARIABLE = YES;
				IPHONEOS_DEPLOYMENT_TARGET = 10.0;
				MTL_ENABLE_DEBUG_INFO = YES;
				ONLY_ACTIVE_ARCH = YES;
				SDKROOT = iphoneos;
				SWIFT_ACTIVE_COMPILATION_CONDITIONS = DEBUG;
				SWIFT_OPTIMIZATION_LEVEL = "-Onone";
				TARGETED_DEVICE_FAMILY = "1,2";
			};
			name = Debug;
		};
		D00397B01DA500F20079569C /* Release */ = {
			isa = XCBuildConfiguration;
			buildSettings = {
				ALWAYS_SEARCH_USER_PATHS = NO;
				CLANG_ANALYZER_NONNULL = YES;
				CLANG_CXX_LANGUAGE_STANDARD = "gnu++0x";
				CLANG_CXX_LIBRARY = "libc++";
				CLANG_ENABLE_MODULES = YES;
				CLANG_ENABLE_OBJC_ARC = YES;
				CLANG_WARN_BOOL_CONVERSION = YES;
				CLANG_WARN_CONSTANT_CONVERSION = YES;
				CLANG_WARN_DIRECT_OBJC_ISA_USAGE = YES_ERROR;
				CLANG_WARN_DOCUMENTATION_COMMENTS = YES;
				CLANG_WARN_EMPTY_BODY = YES;
				CLANG_WARN_ENUM_CONVERSION = YES;
				CLANG_WARN_INFINITE_RECURSION = YES;
				CLANG_WARN_INT_CONVERSION = YES;
				CLANG_WARN_OBJC_ROOT_CLASS = YES_ERROR;
				CLANG_WARN_SUSPICIOUS_MOVES = YES;
				CLANG_WARN_UNREACHABLE_CODE = YES;
				CLANG_WARN__DUPLICATE_METHOD_MATCH = YES;
				"CODE_SIGN_IDENTITY[sdk=iphoneos*]" = "iPhone Developer";
				COPY_PHASE_STRIP = NO;
				DEBUG_INFORMATION_FORMAT = "dwarf-with-dsym";
				ENABLE_NS_ASSERTIONS = NO;
				ENABLE_STRICT_OBJC_MSGSEND = YES;
				GCC_C_LANGUAGE_STANDARD = gnu99;
				GCC_NO_COMMON_BLOCKS = YES;
				GCC_WARN_64_TO_32_BIT_CONVERSION = YES;
				GCC_WARN_ABOUT_RETURN_TYPE = YES_ERROR;
				GCC_WARN_UNDECLARED_SELECTOR = YES;
				GCC_WARN_UNINITIALIZED_AUTOS = YES_AGGRESSIVE;
				GCC_WARN_UNUSED_FUNCTION = YES;
				GCC_WARN_UNUSED_VARIABLE = YES;
				IPHONEOS_DEPLOYMENT_TARGET = 10.0;
				MTL_ENABLE_DEBUG_INFO = NO;
				SDKROOT = iphoneos;
				SWIFT_OPTIMIZATION_LEVEL = "-Owholemodule";
				TARGETED_DEVICE_FAMILY = "1,2";
				VALIDATE_PRODUCT = YES;
			};
			name = Release;
		};
		D00397B21DA500F20079569C /* Debug */ = {
			isa = XCBuildConfiguration;
			buildSettings = {
				ASSETCATALOG_COMPILER_APPICON_NAME = AppIcon;
				INFOPLIST_FILE = FizzBuzz/Info.plist;
				LD_RUNPATH_SEARCH_PATHS = "$(inherited) @executable_path/Frameworks";
				PRODUCT_BUNDLE_IDENTIFIER = com.dasolute.FizzBuzz;
				PRODUCT_NAME = "$(TARGET_NAME)";
				SWIFT_VERSION = 3.0;
			};
			name = Debug;
		};
		D00397B31DA500F20079569C /* Release */ = {
			isa = XCBuildConfiguration;
			buildSettings = {
				ASSETCATALOG_COMPILER_APPICON_NAME = AppIcon;
				INFOPLIST_FILE = FizzBuzz/Info.plist;
				LD_RUNPATH_SEARCH_PATHS = "$(inherited) @executable_path/Frameworks";
				PRODUCT_BUNDLE_IDENTIFIER = com.dasolute.FizzBuzz;
				PRODUCT_NAME = "$(TARGET_NAME)";
				SWIFT_VERSION = 3.0;
			};
			name = Release;
		};
		D00397B51DA500F20079569C /* Debug */ = {
			isa = XCBuildConfiguration;
			buildSettings = {
				ALWAYS_EMBED_SWIFT_STANDARD_LIBRARIES = YES;
				BUNDLE_LOADER = "$(TEST_HOST)";
				INFOPLIST_FILE = FizzBuzzTests/Info.plist;
				LD_RUNPATH_SEARCH_PATHS = "$(inherited) @executable_path/Frameworks @loader_path/Frameworks";
				PRODUCT_BUNDLE_IDENTIFIER = com.dasolute.FizzBuzzTests;
				PRODUCT_NAME = "$(TARGET_NAME)";
				SWIFT_VERSION = 3.0;
				TEST_HOST = "$(BUILT_PRODUCTS_DIR)/FizzBuzz.app/FizzBuzz";
			};
			name = Debug;
		};
		D00397B61DA500F20079569C /* Release */ = {
			isa = XCBuildConfiguration;
			buildSettings = {
				ALWAYS_EMBED_SWIFT_STANDARD_LIBRARIES = YES;
				BUNDLE_LOADER = "$(TEST_HOST)";
				INFOPLIST_FILE = FizzBuzzTests/Info.plist;
				LD_RUNPATH_SEARCH_PATHS = "$(inherited) @executable_path/Frameworks @loader_path/Frameworks";
				PRODUCT_BUNDLE_IDENTIFIER = com.dasolute.FizzBuzzTests;
				PRODUCT_NAME = "$(TARGET_NAME)";
				SWIFT_VERSION = 3.0;
				TEST_HOST = "$(BUILT_PRODUCTS_DIR)/FizzBuzz.app/FizzBuzz";
			};
			name = Release;
		};
		D00397B81DA500F20079569C /* Debug */ = {
			isa = XCBuildConfiguration;
			buildSettings = {
				ALWAYS_EMBED_SWIFT_STANDARD_LIBRARIES = YES;
				INFOPLIST_FILE = FizzBuzzUITests/Info.plist;
				LD_RUNPATH_SEARCH_PATHS = "$(inherited) @executable_path/Frameworks @loader_path/Frameworks";
				PRODUCT_BUNDLE_IDENTIFIER = com.dasolute.FizzBuzzUITests;
				PRODUCT_NAME = "$(TARGET_NAME)";
				SWIFT_VERSION = 3.0;
				TEST_TARGET_NAME = FizzBuzz;
			};
			name = Debug;
		};
		D00397B91DA500F20079569C /* Release */ = {
			isa = XCBuildConfiguration;
			buildSettings = {
				ALWAYS_EMBED_SWIFT_STANDARD_LIBRARIES = YES;
				INFOPLIST_FILE = FizzBuzzUITests/Info.plist;
				LD_RUNPATH_SEARCH_PATHS = "$(inherited) @executable_path/Frameworks @loader_path/Frameworks";
				PRODUCT_BUNDLE_IDENTIFIER = com.dasolute.FizzBuzzUITests;
				PRODUCT_NAME = "$(TARGET_NAME)";
				SWIFT_VERSION = 3.0;
				TEST_TARGET_NAME = FizzBuzz;
			};
			name = Release;
		};
/* End XCBuildConfiguration section */

/* Begin XCConfigurationList section */
		D00397841DA500F10079569C /* Build configuration list for PBXProject "FizzBuzz" */ = {
			isa = XCConfigurationList;
			buildConfigurations = (
				D00397AF1DA500F20079569C /* Debug */,
				D00397B01DA500F20079569C /* Release */,
			);
			defaultConfigurationIsVisible = 0;
			defaultConfigurationName = Release;
		};
		D00397B11DA500F20079569C /* Build configuration list for PBXNativeTarget "FizzBuzz" */ = {
			isa = XCConfigurationList;
			buildConfigurations = (
				D00397B21DA500F20079569C /* Debug */,
				D00397B31DA500F20079569C /* Release */,
			);
			defaultConfigurationIsVisible = 0;
			defaultConfigurationName = Release;
		};
		D00397B41DA500F20079569C /* Build configuration list for PBXNativeTarget "FizzBuzzTests" */ = {
			isa = XCConfigurationList;
			buildConfigurations = (
				D00397B51DA500F20079569C /* Debug */,
				D00397B61DA500F20079569C /* Release */,
			);
			defaultConfigurationIsVisible = 0;
			defaultConfigurationName = Release;
		};
		D00397B71DA500F20079569C /* Build configuration list for PBXNativeTarget "FizzBuzzUITests" */ = {
			isa = XCConfigurationList;
			buildConfigurations = (
				D00397B81DA500F20079569C /* Debug */,
				D00397B91DA500F20079569C /* Release */,
			);
			defaultConfigurationIsVisible = 0;
			defaultConfigurationName = Release;
		};
/* End XCConfigurationList section */
	};
	rootObject = D00397811DA500F10079569C /* Project object */;
}
